<?xml version="1.0" encoding="utf-8"?>
<Project ToolsVersion="4.0" xmlns="http://schemas.microsoft.com/developer/msbuild/2003">
  <ItemGroup>
    <ResourceCompile Include="..\..\apps\FileFetch\app.rc" />
  </ItemGroup>
  <ItemGroup>
    <ClCompile Include="..\..\apps\FileFetch\Main.cpp" />
    <ClCompile Include="..\..\apps\FileFetch\HttpDownloader.cpp" />
  </ItemGroup>
  <ItemGroup>
    <ClInclude Include="..\..\apps\FileFetch\Resource.h" />
    <ClInclude Include="..\..\apps\FileFetch\HttpDownloader.h" />
  </ItemGroup>
</Project>